
Microsoft Visual Studio Solution File, Format Version 12.00
Project("{FAE04EC0-301F-11D3-BF4B-00C04F79EFBC}") = "Budgeter.Entrypoint.API", "src\Budgeter.Entrypoint.API\Budgeter.Entrypoint.API.csproj", "{33AB6608-A1C4-49B6-A32E-4A3213E71911}"
EndProject
Project("{2150E333-8FDC-42A3-9474-1A3956D46DE8}") = "DAL", "DAL", "{722E6C14-27A4-435C-B200-D2044A6EED95}"
EndProject
Project("{FAE04EC0-301F-11D3-BF4B-00C04F79EFBC}") = "Budgeter.Domain", "src\Budgeter.Domain\Budgeter.Domain.csproj", "{EB1C4308-A41B-4A8D-8C9B-D4A0F2A2F609}"
EndProject
Project("{FAE04EC0-301F-11D3-BF4B-00C04F79EFBC}") = "Budgeter.Domain.Model", "src\Budgeter.Model\Budgeter.Domain.Model.csproj", "{7C74D04C-F9DF-4CE4-8D17-5435C8A50799}"
EndProject
Project("{FAE04EC0-301F-11D3-BF4B-00C04F79EFBC}") = "Budgeter.Domain.EF", "src\Budgeter.Domain.EF\Budgeter.Domain.EF.csproj", "{911BE7C3-41BD-4C0C-8374-D407DCFB8D72}"
EndProject
Project("{FAE04EC0-301F-11D3-BF4B-00C04F79EFBC}") = "Budgeter.DAL.CQRS", "src\Budgeter.DAL.CQRS\Budgeter.DAL.CQRS.csproj", "{9D573560-FC46-47A5-9281-E931A9A3D93B}"
EndProject
Project("{2150E333-8FDC-42A3-9474-1A3956D46DE8}") = "BL", "BL", "{344B0E10-9692-4F53-9D16-8B504A3D3015}"
EndProject
Project("{FAE04EC0-301F-11D3-BF4B-00C04F79EFBC}") = "Budgeter.BL.Core", "src\Budgeter.BL.Core\Budgeter.BL.Core.csproj", "{51E25FA9-5850-49A1-B991-0FEABBE4A8DC}"
EndProject
Project("{FAE04EC0-301F-11D3-BF4B-00C04F79EFBC}") = "Budgeter.BL.Impl", "src\Budgeter.BL.Impl\Budgeter.BL.Impl.csproj", "{393093C3-5572-418C-8625-A3694B4DF42B}"
EndProject
Global
	GlobalSection(SolutionConfigurationPlatforms) = preSolution
		Debug|Any CPU = Debug|Any CPU
		Release|Any CPU = Release|Any CPU
	EndGlobalSection
	GlobalSection(ProjectConfigurationPlatforms) = postSolution
		{33AB6608-A1C4-49B6-A32E-4A3213E71911}.Debug|Any CPU.ActiveCfg = Debug|Any CPU
		{33AB6608-A1C4-49B6-A32E-4A3213E71911}.Debug|Any CPU.Build.0 = Debug|Any CPU
		{33AB6608-A1C4-49B6-A32E-4A3213E71911}.Release|Any CPU.ActiveCfg = Release|Any CPU
		{33AB6608-A1C4-49B6-A32E-4A3213E71911}.Release|Any CPU.Build.0 = Release|Any CPU
		{EB1C4308-A41B-4A8D-8C9B-D4A0F2A2F609}.Debug|Any CPU.ActiveCfg = Debug|Any CPU
		{EB1C4308-A41B-4A8D-8C9B-D4A0F2A2F609}.Debug|Any CPU.Build.0 = Debug|Any CPU
		{EB1C4308-A41B-4A8D-8C9B-D4A0F2A2F609}.Release|Any CPU.ActiveCfg = Release|Any CPU
		{EB1C4308-A41B-4A8D-8C9B-D4A0F2A2F609}.Release|Any CPU.Build.0 = Release|Any CPU
		{7C74D04C-F9DF-4CE4-8D17-5435C8A50799}.Debug|Any CPU.ActiveCfg = Debug|Any CPU
		{7C74D04C-F9DF-4CE4-8D17-5435C8A50799}.Debug|Any CPU.Build.0 = Debug|Any CPU
		{7C74D04C-F9DF-4CE4-8D17-5435C8A50799}.Release|Any CPU.ActiveCfg = Release|Any CPU
		{7C74D04C-F9DF-4CE4-8D17-5435C8A50799}.Release|Any CPU.Build.0 = Release|Any CPU
		{911BE7C3-41BD-4C0C-8374-D407DCFB8D72}.Debug|Any CPU.ActiveCfg = Debug|Any CPU
		{911BE7C3-41BD-4C0C-8374-D407DCFB8D72}.Debug|Any CPU.Build.0 = Debug|Any CPU
		{911BE7C3-41BD-4C0C-8374-D407DCFB8D72}.Release|Any CPU.ActiveCfg = Release|Any CPU
		{911BE7C3-41BD-4C0C-8374-D407DCFB8D72}.Release|Any CPU.Build.0 = Release|Any CPU
		{9D573560-FC46-47A5-9281-E931A9A3D93B}.Debug|Any CPU.ActiveCfg = Debug|Any CPU
		{9D573560-FC46-47A5-9281-E931A9A3D93B}.Debug|Any CPU.Build.0 = Debug|Any CPU
		{9D573560-FC46-47A5-9281-E931A9A3D93B}.Release|Any CPU.ActiveCfg = Release|Any CPU
		{9D573560-FC46-47A5-9281-E931A9A3D93B}.Release|Any CPU.Build.0 = Release|Any CPU
		{51E25FA9-5850-49A1-B991-0FEABBE4A8DC}.Debug|Any CPU.ActiveCfg = Debug|Any CPU
		{51E25FA9-5850-49A1-B991-0FEABBE4A8DC}.Debug|Any CPU.Build.0 = Debug|Any CPU
		{51E25FA9-5850-49A1-B991-0FEABBE4A8DC}.Release|Any CPU.ActiveCfg = Release|Any CPU
		{51E25FA9-5850-49A1-B991-0FEABBE4A8DC}.Release|Any CPU.Build.0 = Release|Any CPU
		{393093C3-5572-418C-8625-A3694B4DF42B}.Debug|Any CPU.ActiveCfg = Debug|Any CPU
		{393093C3-5572-418C-8625-A3694B4DF42B}.Debug|Any CPU.Build.0 = Debug|Any CPU
		{393093C3-5572-418C-8625-A3694B4DF42B}.Release|Any CPU.ActiveCfg = Release|Any CPU
		{393093C3-5572-418C-8625-A3694B4DF42B}.Release|Any CPU.Build.0 = Release|Any CPU
	EndGlobalSection
	GlobalSection(NestedProjects) = preSolution
		{EB1C4308-A41B-4A8D-8C9B-D4A0F2A2F609} = {722E6C14-27A4-435C-B200-D2044A6EED95}
		{7C74D04C-F9DF-4CE4-8D17-5435C8A50799} = {722E6C14-27A4-435C-B200-D2044A6EED95}
		{911BE7C3-41BD-4C0C-8374-D407DCFB8D72} = {722E6C14-27A4-435C-B200-D2044A6EED95}
		{9D573560-FC46-47A5-9281-E931A9A3D93B} = {722E6C14-27A4-435C-B200-D2044A6EED95}
		{51E25FA9-5850-49A1-B991-0FEABBE4A8DC} = {344B0E10-9692-4F53-9D16-8B504A3D3015}
		{393093C3-5572-418C-8625-A3694B4DF42B} = {344B0E10-9692-4F53-9D16-8B504A3D3015}
	EndGlobalSection
EndGlobal
